// !$*UTF8*$!
{
	archiveVersion = 1;
	classes = {
	};
	objectVersion = 46;
	objects = {

/* Begin PBXBuildFile section */
		4D4C9EFB19741CDB004541F8 /* MainViewController.m in Sources */ = {isa = PBXBuildFile; fileRef = 4D4C9EF919741CDB004541F8 /* MainViewController.m */; };
		4D4C9EFC19741CDB004541F8 /* MainViewController.xib in Resources */ = {isa = PBXBuildFile; fileRef = 4D4C9EFA19741CDB004541F8 /* MainViewController.xib */; };
		4D4C9F0019741F9A004541F8 /* GroupViewController.m in Sources */ = {isa = PBXBuildFile; fileRef = 4D4C9EFE19741F9A004541F8 /* GroupViewController.m */; };
		4D4C9F0119741F9A004541F8 /* GroupViewController.xib in Resources */ = {isa = PBXBuildFile; fileRef = 4D4C9EFF19741F9A004541F8 /* GroupViewController.xib */; };
		4D4C9F0519742146004541F8 /* AlbumViewController.m in Sources */ = {isa = PBXBuildFile; fileRef = 4D4C9F0319742146004541F8 /* AlbumViewController.m */; };
		4D4C9F0619742146004541F8 /* AlbumViewController.xib in Resources */ = {isa = PBXBuildFile; fileRef = 4D4C9F0419742146004541F8 /* AlbumViewController.xib */; };
		4D4C9F0A197421FB004541F8 /* SongViewController.m in Sources */ = {isa = PBXBuildFile; fileRef = 4D4C9F08197421FB004541F8 /* SongViewController.m */; };
		4D4C9F0B197421FB004541F8 /* SongViewController.xib in Resources */ = {isa = PBXBuildFile; fileRef = 4D4C9F09197421FB004541F8 /* SongViewController.xib */; };
		4D4C9F0E19744376004541F8 /* MusicLibrary.m in Sources */ = {isa = PBXBuildFile; fileRef = 4D4C9F0D19744376004541F8 /* MusicLibrary.m */; };
		4D4C9F11197452E3004541F8 /* Group.m in Sources */ = {isa = PBXBuildFile; fileRef = 4D4C9F10197452E3004541F8 /* Group.m */; };
		4D4C9F1419745E88004541F8 /* Album.m in Sources */ = {isa = PBXBuildFile; fileRef = 4D4C9F1319745E88004541F8 /* Album.m */; };
		4D588955197561C00042A3E9 /* Song.m in Sources */ = {isa = PBXBuildFile; fileRef = 4D588954197561C00042A3E9 /* Song.m */; };
		4D58BCED197FE89600CC31E6 /* queen.jpg in Resources */ = {isa = PBXBuildFile; fileRef = 4D58BCEC197FE89600CC31E6 /* queen.jpg */; };
		4D58BCF1197FFE2B00CC31E6 /* AlbumDetailViewController.m in Sources */ = {isa = PBXBuildFile; fileRef = 4D58BCEF197FFE2B00CC31E6 /* AlbumDetailViewController.m */; };
		4D58BCF2197FFE2B00CC31E6 /* AlbumDetailViewController.xib in Resources */ = {isa = PBXBuildFile; fileRef = 4D58BCF0197FFE2B00CC31E6 /* AlbumDetailViewController.xib */; };
		4D7BF438197D5D3F00274E66 /* LibraryViewController.m in Sources */ = {isa = PBXBuildFile; fileRef = 4D7BF436197D5D3F00274E66 /* LibraryViewController.m */; };
		4D7BF439197D5D3F00274E66 /* LibraryViewController.xib in Resources */ = {isa = PBXBuildFile; fileRef = 4D7BF437197D5D3F00274E66 /* LibraryViewController.xib */; };
		4D7BF43D197D7B1500274E66 /* AlbumTableViewCell.m in Sources */ = {isa = PBXBuildFile; fileRef = 4D7BF43B197D7B1500274E66 /* AlbumTableViewCell.m */; };
		4D7BF43E197D7B1500274E66 /* AlbumTableViewCell.xib in Resources */ = {isa = PBXBuildFile; fileRef = 4D7BF43C197D7B1500274E66 /* AlbumTableViewCell.xib */; };
		4D815BF219951DA6008577DF /* SearchViewController.m in Sources */ = {isa = PBXBuildFile; fileRef = 4D815BF019951DA6008577DF /* SearchViewController.m */; };
		4D815BF319951DA6008577DF /* SearchViewController.xib in Resources */ = {isa = PBXBuildFile; fileRef = 4D815BF119951DA6008577DF /* SearchViewController.xib */; };
		4D815BF719951F3B008577DF /* SearchTableViewCell.m in Sources */ = {isa = PBXBuildFile; fileRef = 4D815BF519951F3A008577DF /* SearchTableViewCell.m */; };
		4D815BF819951F3B008577DF /* SearchTableViewCell.xib in Resources */ = {isa = PBXBuildFile; fileRef = 4D815BF619951F3A008577DF /* SearchTableViewCell.xib */; };
		4D860EC21998EF53007B80E0 /* SearchedObject.m in Sources */ = {isa = PBXBuildFile; fileRef = 4D860EC11998EF53007B80E0 /* SearchedObject.m */; };
		4D860EC619991C15007B80E0 /* SearchBarViewController.m in Sources */ = {isa = PBXBuildFile; fileRef = 4D860EC419991C15007B80E0 /* SearchBarViewController.m */; };
		4D860EC719991C15007B80E0 /* SearchBarViewController.xib in Resources */ = {isa = PBXBuildFile; fileRef = 4D860EC519991C15007B80E0 /* SearchBarViewController.xib */; };
		4D8A18AA1986A9640062D162 /* HeaderView.m in Sources */ = {isa = PBXBuildFile; fileRef = 4D8A18A91986A9640062D162 /* HeaderView.m */; };
		4D8A18AC1986A97E0062D162 /* HeaderView.xib in Resources */ = {isa = PBXBuildFile; fileRef = 4D8A18AB1986A97E0062D162 /* HeaderView.xib */; };
		4D98B03519AB6BF2001DC328 /* SpinnerImageView.m in Sources */ = {isa = PBXBuildFile; fileRef = 4D98B03419AB6BF2001DC328 /* SpinnerImageView.m */; };
		4D9BC06D199A4F5F000C328B /* NoResultViewController.m in Sources */ = {isa = PBXBuildFile; fileRef = 4D9BC06B199A4F5F000C328B /* NoResultViewController.m */; };
		4D9BC06E199A4F5F000C328B /* NoResultViewController.xib in Resources */ = {isa = PBXBuildFile; fileRef = 4D9BC06C199A4F5F000C328B /* NoResultViewController.xib */; };
		4D9BC073199A7DCC000C328B /* SearchService.m in Sources */ = {isa = PBXBuildFile; fileRef = 4D9BC072199A7DCC000C328B /* SearchService.m */; };
		4D9BC078199BA7AD000C328B /* KeyboardToolbar.m in Sources */ = {isa = PBXBuildFile; fileRef = 4D9BC077199BA7AD000C328B /* KeyboardToolbar.m */; };
		4D9BC07B199BC1D1000C328B /* FetchImageService.m in Sources */ = {isa = PBXBuildFile; fileRef = 4D9BC07A199BC1D1000C328B /* FetchImageService.m */; };
		4D9BC07F199CF556000C328B /* noimage.jpg in Resources */ = {isa = PBXBuildFile; fileRef = 4D9BC07E199CF556000C328B /* noimage.jpg */; };
		4D9BC083199CFDE5000C328B /* RecentSearchTableViewCell.m in Sources */ = {isa = PBXBuildFile; fileRef = 4D9BC081199CFDE5000C328B /* RecentSearchTableViewCell.m */; };
		4D9BC084199CFDE5000C328B /* RecentSearchTableViewCell.xib in Resources */ = {isa = PBXBuildFile; fileRef = 4D9BC082199CFDE5000C328B /* RecentSearchTableViewCell.xib */; };
		4D9BC08719A4CC71000C328B /* StorageManager.m in Sources */ = {isa = PBXBuildFile; fileRef = 4D9BC08619A4CC71000C328B /* StorageManager.m */; };
		4DA1529F19A50788003DA1FC /* ProductDetailViewController.m in Sources */ = {isa = PBXBuildFile; fileRef = 4DA1529D19A50788003DA1FC /* ProductDetailViewController.m */; };
		4DA152A019A50788003DA1FC /* ProductDetailViewController.xib in Resources */ = {isa = PBXBuildFile; fileRef = 4DA1529E19A50788003DA1FC /* ProductDetailViewController.xib */; };
		4DAE0328199275310078DEB4 /* MBProgressHUD.m in Sources */ = {isa = PBXBuildFile; fileRef = 4DAE0327199275310078DEB4 /* MBProgressHUD.m */; };
		4DC06AC3197EA787007376DD /* oasis.jpg in Resources */ = {isa = PBXBuildFile; fileRef = 4DC06AC0197EA787007376DD /* oasis.jpg */; };
		4DC06AC4197EA787007376DD /* thebeatles.jpg in Resources */ = {isa = PBXBuildFile; fileRef = 4DC06AC1197EA787007376DD /* thebeatles.jpg */; };
		4DC06AC5197EA787007376DD /* thedoors.jpg in Resources */ = {isa = PBXBuildFile; fileRef = 4DC06AC2197EA787007376DD /* thedoors.jpg */; };
		4DC06ACE197EADF1007376DD /* AlbumImageViewPickerDelegate.m in Sources */ = {isa = PBXBuildFile; fileRef = 4DC06ACD197EADF1007376DD /* AlbumImageViewPickerDelegate.m */; };
		4DC7E71619A781B300331811 /* ProductDetailCell.m in Sources */ = {isa = PBXBuildFile; fileRef = 4DC7E71519A781B300331811 /* ProductDetailCell.m */; };
		4DC7E71819A781DE00331811 /* ProductDetailCell.xib in Resources */ = {isa = PBXBuildFile; fileRef = 4DC7E71719A781DE00331811 /* ProductDetailCell.xib */; };
		4DC7E71E19A7977000331811 /* ItemService.m in Sources */ = {isa = PBXBuildFile; fileRef = 4DC7E71D19A7977000331811 /* ItemService.m */; };
		4DFEC9E119741BF7009B6499 /* Foundation.framework in Frameworks */ = {isa = PBXBuildFile; fileRef = 4DFEC9E019741BF7009B6499 /* Foundation.framework */; };
		4DFEC9E319741BF7009B6499 /* CoreGraphics.framework in Frameworks */ = {isa = PBXBuildFile; fileRef = 4DFEC9E219741BF7009B6499 /* CoreGraphics.framework */; };
		4DFEC9E519741BF7009B6499 /* UIKit.framework in Frameworks */ = {isa = PBXBuildFile; fileRef = 4DFEC9E419741BF7009B6499 /* UIKit.framework */; };
		4DFEC9EB19741BF7009B6499 /* InfoPlist.strings in Resources */ = {isa = PBXBuildFile; fileRef = 4DFEC9E919741BF7009B6499 /* InfoPlist.strings */; };
		4DFEC9ED19741BF7009B6499 /* main.m in Sources */ = {isa = PBXBuildFile; fileRef = 4DFEC9EC19741BF7009B6499 /* main.m */; };
		4DFEC9F119741BF7009B6499 /* AppDelegate.m in Sources */ = {isa = PBXBuildFile; fileRef = 4DFEC9F019741BF7009B6499 /* AppDelegate.m */; };
		4DFEC9F319741BF7009B6499 /* Images.xcassets in Resources */ = {isa = PBXBuildFile; fileRef = 4DFEC9F219741BF7009B6499 /* Images.xcassets */; };
		4DFEC9FA19741BF7009B6499 /* XCTest.framework in Frameworks */ = {isa = PBXBuildFile; fileRef = 4DFEC9F919741BF7009B6499 /* XCTest.framework */; };
		4DFEC9FB19741BF7009B6499 /* Foundation.framework in Frameworks */ = {isa = PBXBuildFile; fileRef = 4DFEC9E019741BF7009B6499 /* Foundation.framework */; };
		4DFEC9FC19741BF7009B6499 /* UIKit.framework in Frameworks */ = {isa = PBXBuildFile; fileRef = 4DFEC9E419741BF7009B6499 /* UIKit.framework */; };
		4DFECA0419741BF7009B6499 /* InfoPlist.strings in Resources */ = {isa = PBXBuildFile; fileRef = 4DFECA0219741BF7009B6499 /* InfoPlist.strings */; };
		4DFECA0619741BF7009B6499 /* MusicaTests.m in Sources */ = {isa = PBXBuildFile; fileRef = 4DFECA0519741BF7009B6499 /* MusicaTests.m */; };
/* End PBXBuildFile section */

/* Begin PBXContainerItemProxy section */
		4DFEC9FD19741BF7009B6499 /* PBXContainerItemProxy */ = {
			isa = PBXContainerItemProxy;
			containerPortal = 4DFEC9D519741BF7009B6499 /* Project object */;
			proxyType = 1;
			remoteGlobalIDString = 4DFEC9DC19741BF7009B6499;
			remoteInfo = Musica;
		};
/* End PBXContainerItemProxy section */

/* Begin PBXFileReference section */
		4D4C9EF819741CDB004541F8 /* MainViewController.h */ = {isa = PBXFileReference; fileEncoding = 4; lastKnownFileType = sourcecode.c.h; path = MainViewController.h; sourceTree = "<group>"; };
		4D4C9EF919741CDB004541F8 /* MainViewController.m */ = {isa = PBXFileReference; fileEncoding = 4; lastKnownFileType = sourcecode.c.objc; path = MainViewController.m; sourceTree = "<group>"; };
		4D4C9EFA19741CDB004541F8 /* MainViewController.xib */ = {isa = PBXFileReference; fileEncoding = 4; lastKnownFileType = file.xib; path = MainViewController.xib; sourceTree = "<group>"; };
		4D4C9EFD19741F9A004541F8 /* GroupViewController.h */ = {isa = PBXFileReference; fileEncoding = 4; lastKnownFileType = sourcecode.c.h; path = GroupViewController.h; sourceTree = "<group>"; };
		4D4C9EFE19741F9A004541F8 /* GroupViewController.m */ = {isa = PBXFileReference; fileEncoding = 4; lastKnownFileType = sourcecode.c.objc; path = GroupViewController.m; sourceTree = "<group>"; };
		4D4C9EFF19741F9A004541F8 /* GroupViewController.xib */ = {isa = PBXFileReference; fileEncoding = 4; lastKnownFileType = file.xib; path = GroupViewController.xib; sourceTree = "<group>"; };
		4D4C9F0219742146004541F8 /* AlbumViewController.h */ = {isa = PBXFileReference; fileEncoding = 4; lastKnownFileType = sourcecode.c.h; path = AlbumViewController.h; sourceTree = "<group>"; };
		4D4C9F0319742146004541F8 /* AlbumViewController.m */ = {isa = PBXFileReference; fileEncoding = 4; lastKnownFileType = sourcecode.c.objc; path = AlbumViewController.m; sourceTree = "<group>"; };
		4D4C9F0419742146004541F8 /* AlbumViewController.xib */ = {isa = PBXFileReference; fileEncoding = 4; lastKnownFileType = file.xib; path = AlbumViewController.xib; sourceTree = "<group>"; };
		4D4C9F07197421FB004541F8 /* SongViewController.h */ = {isa = PBXFileReference; fileEncoding = 4; lastKnownFileType = sourcecode.c.h; path = SongViewController.h; sourceTree = "<group>"; };
		4D4C9F08197421FB004541F8 /* SongViewController.m */ = {isa = PBXFileReference; fileEncoding = 4; lastKnownFileType = sourcecode.c.objc; path = SongViewController.m; sourceTree = "<group>"; };
		4D4C9F09197421FB004541F8 /* SongViewController.xib */ = {isa = PBXFileReference; fileEncoding = 4; lastKnownFileType = file.xib; path = SongViewController.xib; sourceTree = "<group>"; };
		4D4C9F0C19744376004541F8 /* MusicLibrary.h */ = {isa = PBXFileReference; fileEncoding = 4; lastKnownFileType = sourcecode.c.h; path = MusicLibrary.h; sourceTree = "<group>"; };
		4D4C9F0D19744376004541F8 /* MusicLibrary.m */ = {isa = PBXFileReference; fileEncoding = 4; lastKnownFileType = sourcecode.c.objc; path = MusicLibrary.m; sourceTree = "<group>"; };
		4D4C9F0F197452E3004541F8 /* Group.h */ = {isa = PBXFileReference; fileEncoding = 4; lastKnownFileType = sourcecode.c.h; path = Group.h; sourceTree = "<group>"; };
		4D4C9F10197452E3004541F8 /* Group.m */ = {isa = PBXFileReference; fileEncoding = 4; lastKnownFileType = sourcecode.c.objc; path = Group.m; sourceTree = "<group>"; };
		4D4C9F1219745E88004541F8 /* Album.h */ = {isa = PBXFileReference; fileEncoding = 4; lastKnownFileType = sourcecode.c.h; path = Album.h; sourceTree = "<group>"; };
		4D4C9F1319745E88004541F8 /* Album.m */ = {isa = PBXFileReference; fileEncoding = 4; lastKnownFileType = sourcecode.c.objc; path = Album.m; sourceTree = "<group>"; };
		4D588953197561C00042A3E9 /* Song.h */ = {isa = PBXFileReference; fileEncoding = 4; lastKnownFileType = sourcecode.c.h; path = Song.h; sourceTree = "<group>"; };
		4D588954197561C00042A3E9 /* Song.m */ = {isa = PBXFileReference; fileEncoding = 4; lastKnownFileType = sourcecode.c.objc; path = Song.m; sourceTree = "<group>"; };
		4D58BCEC197FE89600CC31E6 /* queen.jpg */ = {isa = PBXFileReference; lastKnownFileType = image.jpeg; path = queen.jpg; sourceTree = "<group>"; };
		4D58BCEE197FFE2B00CC31E6 /* AlbumDetailViewController.h */ = {isa = PBXFileReference; fileEncoding = 4; lastKnownFileType = sourcecode.c.h; path = AlbumDetailViewController.h; sourceTree = "<group>"; };
		4D58BCEF197FFE2B00CC31E6 /* AlbumDetailViewController.m */ = {isa = PBXFileReference; fileEncoding = 4; lastKnownFileType = sourcecode.c.objc; path = AlbumDetailViewController.m; sourceTree = "<group>"; };
		4D58BCF0197FFE2B00CC31E6 /* AlbumDetailViewController.xib */ = {isa = PBXFileReference; fileEncoding = 4; lastKnownFileType = file.xib; path = AlbumDetailViewController.xib; sourceTree = "<group>"; };
		4D7BF435197D5D3F00274E66 /* LibraryViewController.h */ = {isa = PBXFileReference; fileEncoding = 4; lastKnownFileType = sourcecode.c.h; path = LibraryViewController.h; sourceTree = "<group>"; };
		4D7BF436197D5D3F00274E66 /* LibraryViewController.m */ = {isa = PBXFileReference; fileEncoding = 4; lastKnownFileType = sourcecode.c.objc; path = LibraryViewController.m; sourceTree = "<group>"; };
		4D7BF437197D5D3F00274E66 /* LibraryViewController.xib */ = {isa = PBXFileReference; fileEncoding = 4; lastKnownFileType = file.xib; path = LibraryViewController.xib; sourceTree = "<group>"; };
		4D7BF43A197D7B1500274E66 /* AlbumTableViewCell.h */ = {isa = PBXFileReference; fileEncoding = 4; lastKnownFileType = sourcecode.c.h; path = AlbumTableViewCell.h; sourceTree = "<group>"; };
		4D7BF43B197D7B1500274E66 /* AlbumTableViewCell.m */ = {isa = PBXFileReference; fileEncoding = 4; lastKnownFileType = sourcecode.c.objc; path = AlbumTableViewCell.m; sourceTree = "<group>"; };
		4D7BF43C197D7B1500274E66 /* AlbumTableViewCell.xib */ = {isa = PBXFileReference; fileEncoding = 4; lastKnownFileType = file.xib; path = AlbumTableViewCell.xib; sourceTree = "<group>"; };
		4D815BEF19951DA6008577DF /* SearchViewController.h */ = {isa = PBXFileReference; fileEncoding = 4; lastKnownFileType = sourcecode.c.h; path = SearchViewController.h; sourceTree = "<group>"; };
		4D815BF019951DA6008577DF /* SearchViewController.m */ = {isa = PBXFileReference; fileEncoding = 4; lastKnownFileType = sourcecode.c.objc; path = SearchViewController.m; sourceTree = "<group>"; };
		4D815BF119951DA6008577DF /* SearchViewController.xib */ = {isa = PBXFileReference; fileEncoding = 4; lastKnownFileType = file.xib; path = SearchViewController.xib; sourceTree = "<group>"; };
		4D815BF419951F3A008577DF /* SearchTableViewCell.h */ = {isa = PBXFileReference; fileEncoding = 4; lastKnownFileType = sourcecode.c.h; path = SearchTableViewCell.h; sourceTree = "<group>"; };
		4D815BF519951F3A008577DF /* SearchTableViewCell.m */ = {isa = PBXFileReference; fileEncoding = 4; lastKnownFileType = sourcecode.c.objc; path = SearchTableViewCell.m; sourceTree = "<group>"; };
		4D815BF619951F3A008577DF /* SearchTableViewCell.xib */ = {isa = PBXFileReference; fileEncoding = 4; lastKnownFileType = file.xib; path = SearchTableViewCell.xib; sourceTree = "<group>"; };
		4D860EC01998EF53007B80E0 /* SearchedObject.h */ = {isa = PBXFileReference; fileEncoding = 4; lastKnownFileType = sourcecode.c.h; path = SearchedObject.h; sourceTree = "<group>"; };
		4D860EC11998EF53007B80E0 /* SearchedObject.m */ = {isa = PBXFileReference; fileEncoding = 4; lastKnownFileType = sourcecode.c.objc; path = SearchedObject.m; sourceTree = "<group>"; };
		4D860EC319991C15007B80E0 /* SearchBarViewController.h */ = {isa = PBXFileReference; fileEncoding = 4; lastKnownFileType = sourcecode.c.h; path = SearchBarViewController.h; sourceTree = "<group>"; };
		4D860EC419991C15007B80E0 /* SearchBarViewController.m */ = {isa = PBXFileReference; fileEncoding = 4; lastKnownFileType = sourcecode.c.objc; path = SearchBarViewController.m; sourceTree = "<group>"; };
		4D860EC519991C15007B80E0 /* SearchBarViewController.xib */ = {isa = PBXFileReference; fileEncoding = 4; lastKnownFileType = file.xib; path = SearchBarViewController.xib; sourceTree = "<group>"; };
		4D8A18A81986A9640062D162 /* HeaderView.h */ = {isa = PBXFileReference; fileEncoding = 4; lastKnownFileType = sourcecode.c.h; path = HeaderView.h; sourceTree = "<group>"; };
		4D8A18A91986A9640062D162 /* HeaderView.m */ = {isa = PBXFileReference; fileEncoding = 4; lastKnownFileType = sourcecode.c.objc; path = HeaderView.m; sourceTree = "<group>"; };
		4D8A18AB1986A97E0062D162 /* HeaderView.xib */ = {isa = PBXFileReference; fileEncoding = 4; lastKnownFileType = file.xib; name = HeaderView.xib; path = ../HeaderView.xib; sourceTree = "<group>"; };
		4D98B03319AB6BF2001DC328 /* SpinnerImageView.h */ = {isa = PBXFileReference; fileEncoding = 4; lastKnownFileType = sourcecode.c.h; path = SpinnerImageView.h; sourceTree = "<group>"; };
		4D98B03419AB6BF2001DC328 /* SpinnerImageView.m */ = {isa = PBXFileReference; fileEncoding = 4; lastKnownFileType = sourcecode.c.objc; path = SpinnerImageView.m; sourceTree = "<group>"; };
		4D9BC06A199A4F5F000C328B /* NoResultViewController.h */ = {isa = PBXFileReference; fileEncoding = 4; lastKnownFileType = sourcecode.c.h; path = NoResultViewController.h; sourceTree = "<group>"; };
		4D9BC06B199A4F5F000C328B /* NoResultViewController.m */ = {isa = PBXFileReference; fileEncoding = 4; lastKnownFileType = sourcecode.c.objc; path = NoResultViewController.m; sourceTree = "<group>"; };
		4D9BC06C199A4F5F000C328B /* NoResultViewController.xib */ = {isa = PBXFileReference; fileEncoding = 4; lastKnownFileType = file.xib; path = NoResultViewController.xib; sourceTree = "<group>"; };
		4D9BC071199A7DCC000C328B /* SearchService.h */ = {isa = PBXFileReference; fileEncoding = 4; lastKnownFileType = sourcecode.c.h; path = SearchService.h; sourceTree = "<group>"; };
		4D9BC072199A7DCC000C328B /* SearchService.m */ = {isa = PBXFileReference; fileEncoding = 4; lastKnownFileType = sourcecode.c.objc; path = SearchService.m; sourceTree = "<group>"; };
		4D9BC076199BA7AD000C328B /* KeyboardToolbar.h */ = {isa = PBXFileReference; fileEncoding = 4; lastKnownFileType = sourcecode.c.h; path = KeyboardToolbar.h; sourceTree = "<group>"; };
		4D9BC077199BA7AD000C328B /* KeyboardToolbar.m */ = {isa = PBXFileReference; fileEncoding = 4; lastKnownFileType = sourcecode.c.objc; path = KeyboardToolbar.m; sourceTree = "<group>"; };
		4D9BC079199BC1D1000C328B /* FetchImageService.h */ = {isa = PBXFileReference; fileEncoding = 4; lastKnownFileType = sourcecode.c.h; path = FetchImageService.h; sourceTree = "<group>"; };
		4D9BC07A199BC1D1000C328B /* FetchImageService.m */ = {isa = PBXFileReference; fileEncoding = 4; lastKnownFileType = sourcecode.c.objc; path = FetchImageService.m; sourceTree = "<group>"; };
		4D9BC07E199CF556000C328B /* noimage.jpg */ = {isa = PBXFileReference; lastKnownFileType = image.jpeg; path = noimage.jpg; sourceTree = "<group>"; };
		4D9BC080199CFDE5000C328B /* RecentSearchTableViewCell.h */ = {isa = PBXFileReference; fileEncoding = 4; lastKnownFileType = sourcecode.c.h; path = RecentSearchTableViewCell.h; sourceTree = "<group>"; };
		4D9BC081199CFDE5000C328B /* RecentSearchTableViewCell.m */ = {isa = PBXFileReference; fileEncoding = 4; lastKnownFileType = sourcecode.c.objc; path = RecentSearchTableViewCell.m; sourceTree = "<group>"; };
		4D9BC082199CFDE5000C328B /* RecentSearchTableViewCell.xib */ = {isa = PBXFileReference; fileEncoding = 4; lastKnownFileType = file.xib; path = RecentSearchTableViewCell.xib; sourceTree = "<group>"; };
		4D9BC08519A4CC71000C328B /* StorageManager.h */ = {isa = PBXFileReference; fileEncoding = 4; lastKnownFileType = sourcecode.c.h; path = StorageManager.h; sourceTree = "<group>"; };
		4D9BC08619A4CC71000C328B /* StorageManager.m */ = {isa = PBXFileReference; fileEncoding = 4; lastKnownFileType = sourcecode.c.objc; path = StorageManager.m; sourceTree = "<group>"; };
		4DA1529C19A50788003DA1FC /* ProductDetailViewController.h */ = {isa = PBXFileReference; fileEncoding = 4; lastKnownFileType = sourcecode.c.h; path = ProductDetailViewController.h; sourceTree = "<group>"; };
		4DA1529D19A50788003DA1FC /* ProductDetailViewController.m */ = {isa = PBXFileReference; fileEncoding = 4; lastKnownFileType = sourcecode.c.objc; path = ProductDetailViewController.m; sourceTree = "<group>"; };
		4DA1529E19A50788003DA1FC /* ProductDetailViewController.xib */ = {isa = PBXFileReference; fileEncoding = 4; lastKnownFileType = file.xib; path = ProductDetailViewController.xib; sourceTree = "<group>"; };
		4DAE0326199275310078DEB4 /* MBProgressHUD.h */ = {isa = PBXFileReference; fileEncoding = 4; lastKnownFileType = sourcecode.c.h; path = MBProgressHUD.h; sourceTree = "<group>"; };
		4DAE0327199275310078DEB4 /* MBProgressHUD.m */ = {isa = PBXFileReference; fileEncoding = 4; lastKnownFileType = sourcecode.c.objc; path = MBProgressHUD.m; sourceTree = "<group>"; };
		4DC06AC0197EA787007376DD /* oasis.jpg */ = {isa = PBXFileReference; lastKnownFileType = image.jpeg; path = oasis.jpg; sourceTree = "<group>"; };
		4DC06AC1197EA787007376DD /* thebeatles.jpg */ = {isa = PBXFileReference; lastKnownFileType = image.jpeg; path = thebeatles.jpg; sourceTree = "<group>"; };
		4DC06AC2197EA787007376DD /* thedoors.jpg */ = {isa = PBXFileReference; lastKnownFileType = image.jpeg; path = thedoors.jpg; sourceTree = "<group>"; };
		4DC06ACC197EADF1007376DD /* AlbumImageViewPickerDelegate.h */ = {isa = PBXFileReference; fileEncoding = 4; lastKnownFileType = sourcecode.c.h; path = AlbumImageViewPickerDelegate.h; sourceTree = "<group>"; };
		4DC06ACD197EADF1007376DD /* AlbumImageViewPickerDelegate.m */ = {isa = PBXFileReference; fileEncoding = 4; lastKnownFileType = sourcecode.c.objc; path = AlbumImageViewPickerDelegate.m; sourceTree = "<group>"; };
		4DC7E71419A781B300331811 /* ProductDetailCell.h */ = {isa = PBXFileReference; fileEncoding = 4; lastKnownFileType = sourcecode.c.h; path = ProductDetailCell.h; sourceTree = "<group>"; };
		4DC7E71519A781B300331811 /* ProductDetailCell.m */ = {isa = PBXFileReference; fileEncoding = 4; lastKnownFileType = sourcecode.c.objc; path = ProductDetailCell.m; sourceTree = "<group>"; };
		4DC7E71719A781DE00331811 /* ProductDetailCell.xib */ = {isa = PBXFileReference; fileEncoding = 4; lastKnownFileType = file.xib; path = ProductDetailCell.xib; sourceTree = "<group>"; };
		4DC7E71C19A7977000331811 /* ItemService.h */ = {isa = PBXFileReference; fileEncoding = 4; lastKnownFileType = sourcecode.c.h; path = ItemService.h; sourceTree = "<group>"; };
		4DC7E71D19A7977000331811 /* ItemService.m */ = {isa = PBXFileReference; fileEncoding = 4; lastKnownFileType = sourcecode.c.objc; path = ItemService.m; sourceTree = "<group>"; };
		4DFEC9DD19741BF7009B6499 /* Musica.app */ = {isa = PBXFileReference; explicitFileType = wrapper.application; includeInIndex = 0; path = Musica.app; sourceTree = BUILT_PRODUCTS_DIR; };
		4DFEC9E019741BF7009B6499 /* Foundation.framework */ = {isa = PBXFileReference; lastKnownFileType = wrapper.framework; name = Foundation.framework; path = System/Library/Frameworks/Foundation.framework; sourceTree = SDKROOT; };
		4DFEC9E219741BF7009B6499 /* CoreGraphics.framework */ = {isa = PBXFileReference; lastKnownFileType = wrapper.framework; name = CoreGraphics.framework; path = System/Library/Frameworks/CoreGraphics.framework; sourceTree = SDKROOT; };
		4DFEC9E419741BF7009B6499 /* UIKit.framework */ = {isa = PBXFileReference; lastKnownFileType = wrapper.framework; name = UIKit.framework; path = System/Library/Frameworks/UIKit.framework; sourceTree = SDKROOT; };
		4DFEC9E819741BF7009B6499 /* Musica-Info.plist */ = {isa = PBXFileReference; lastKnownFileType = text.plist.xml; path = "Musica-Info.plist"; sourceTree = "<group>"; };
		4DFEC9EA19741BF7009B6499 /* en */ = {isa = PBXFileReference; lastKnownFileType = text.plist.strings; name = en; path = en.lproj/InfoPlist.strings; sourceTree = "<group>"; };
		4DFEC9EC19741BF7009B6499 /* main.m */ = {isa = PBXFileReference; lastKnownFileType = sourcecode.c.objc; path = main.m; sourceTree = "<group>"; };
		4DFEC9EE19741BF7009B6499 /* Musica-Prefix.pch */ = {isa = PBXFileReference; lastKnownFileType = sourcecode.c.h; path = "Musica-Prefix.pch"; sourceTree = "<group>"; };
		4DFEC9EF19741BF7009B6499 /* AppDelegate.h */ = {isa = PBXFileReference; lastKnownFileType = sourcecode.c.h; path = AppDelegate.h; sourceTree = "<group>"; };
		4DFEC9F019741BF7009B6499 /* AppDelegate.m */ = {isa = PBXFileReference; lastKnownFileType = sourcecode.c.objc; path = AppDelegate.m; sourceTree = "<group>"; };
		4DFEC9F219741BF7009B6499 /* Images.xcassets */ = {isa = PBXFileReference; lastKnownFileType = folder.assetcatalog; path = Images.xcassets; sourceTree = "<group>"; };
		4DFEC9F819741BF7009B6499 /* MusicaTests.xctest */ = {isa = PBXFileReference; explicitFileType = wrapper.cfbundle; includeInIndex = 0; path = MusicaTests.xctest; sourceTree = BUILT_PRODUCTS_DIR; };
		4DFEC9F919741BF7009B6499 /* XCTest.framework */ = {isa = PBXFileReference; lastKnownFileType = wrapper.framework; name = XCTest.framework; path = Library/Frameworks/XCTest.framework; sourceTree = DEVELOPER_DIR; };
		4DFECA0119741BF7009B6499 /* MusicaTests-Info.plist */ = {isa = PBXFileReference; lastKnownFileType = text.plist.xml; path = "MusicaTests-Info.plist"; sourceTree = "<group>"; };
		4DFECA0319741BF7009B6499 /* en */ = {isa = PBXFileReference; lastKnownFileType = text.plist.strings; name = en; path = en.lproj/InfoPlist.strings; sourceTree = "<group>"; };
		4DFECA0519741BF7009B6499 /* MusicaTests.m */ = {isa = PBXFileReference; lastKnownFileType = sourcecode.c.objc; path = MusicaTests.m; sourceTree = "<group>"; };
/* End PBXFileReference section */

/* Begin PBXFrameworksBuildPhase section */
		4DFEC9DA19741BF7009B6499 /* Frameworks */ = {
			isa = PBXFrameworksBuildPhase;
			buildActionMask = 2147483647;
			files = (
				4DFEC9E319741BF7009B6499 /* CoreGraphics.framework in Frameworks */,
				4DFEC9E519741BF7009B6499 /* UIKit.framework in Frameworks */,
				4DFEC9E119741BF7009B6499 /* Foundation.framework in Frameworks */,
			);
			runOnlyForDeploymentPostprocessing = 0;
		};
		4DFEC9F519741BF7009B6499 /* Frameworks */ = {
			isa = PBXFrameworksBuildPhase;
			buildActionMask = 2147483647;
			files = (
				4DFEC9FA19741BF7009B6499 /* XCTest.framework in Frameworks */,
				4DFEC9FC19741BF7009B6499 /* UIKit.framework in Frameworks */,
				4DFEC9FB19741BF7009B6499 /* Foundation.framework in Frameworks */,
			);
			runOnlyForDeploymentPostprocessing = 0;
		};
/* End PBXFrameworksBuildPhase section */

/* Begin PBXGroup section */
		4DFEC9D419741BF7009B6499 = {
			isa = PBXGroup;
			children = (
				4DAE0326199275310078DEB4 /* MBProgressHUD.h */,
				4DAE0327199275310078DEB4 /* MBProgressHUD.m */,
				4DFEC9E619741BF7009B6499 /* Musica */,
				4DFEC9FF19741BF7009B6499 /* MusicaTests */,
				4DFEC9DF19741BF7009B6499 /* Frameworks */,
				4DFEC9DE19741BF7009B6499 /* Products */,
			);
			sourceTree = "<group>";
		};
		4DFEC9DE19741BF7009B6499 /* Products */ = {
			isa = PBXGroup;
			children = (
				4DFEC9DD19741BF7009B6499 /* Musica.app */,
				4DFEC9F819741BF7009B6499 /* MusicaTests.xctest */,
			);
			name = Products;
			sourceTree = "<group>";
		};
		4DFEC9DF19741BF7009B6499 /* Frameworks */ = {
			isa = PBXGroup;
			children = (
				4DFEC9E019741BF7009B6499 /* Foundation.framework */,
				4DFEC9E219741BF7009B6499 /* CoreGraphics.framework */,
				4DFEC9E419741BF7009B6499 /* UIKit.framework */,
				4DFEC9F919741BF7009B6499 /* XCTest.framework */,
			);
			name = Frameworks;
			sourceTree = "<group>";
		};
		4DFEC9E619741BF7009B6499 /* Musica */ = {
			isa = PBXGroup;
			children = (
				4D9BC07E199CF556000C328B /* noimage.jpg */,
				4D58BCEE197FFE2B00CC31E6 /* AlbumDetailViewController.h */,
				4D58BCEF197FFE2B00CC31E6 /* AlbumDetailViewController.m */,
				4D58BCF0197FFE2B00CC31E6 /* AlbumDetailViewController.xib */,
				4D58BCEC197FE89600CC31E6 /* queen.jpg */,
				4DC06ACC197EADF1007376DD /* AlbumImageViewPickerDelegate.h */,
				4DC06ACD197EADF1007376DD /* AlbumImageViewPickerDelegate.m */,
				4DC06AC0197EA787007376DD /* oasis.jpg */,
				4DC06AC1197EA787007376DD /* thebeatles.jpg */,
				4DC06AC2197EA787007376DD /* thedoors.jpg */,
				4DFEC9EF19741BF7009B6499 /* AppDelegate.h */,
				4DFEC9F019741BF7009B6499 /* AppDelegate.m */,
				4D4C9EF819741CDB004541F8 /* MainViewController.h */,
				4D4C9EF919741CDB004541F8 /* MainViewController.m */,
				4D4C9EFA19741CDB004541F8 /* MainViewController.xib */,
				4D4C9EFD19741F9A004541F8 /* GroupViewController.h */,
				4D4C9EFE19741F9A004541F8 /* GroupViewController.m */,
				4D4C9EFF19741F9A004541F8 /* GroupViewController.xib */,
				4D4C9F0219742146004541F8 /* AlbumViewController.h */,
				4D4C9F0319742146004541F8 /* AlbumViewController.m */,
				4D4C9F0419742146004541F8 /* AlbumViewController.xib */,
				4D4C9F07197421FB004541F8 /* SongViewController.h */,
				4D4C9F08197421FB004541F8 /* SongViewController.m */,
				4D4C9F09197421FB004541F8 /* SongViewController.xib */,
				4D7BF435197D5D3F00274E66 /* LibraryViewController.h */,
				4D7BF436197D5D3F00274E66 /* LibraryViewController.m */,
				4D7BF437197D5D3F00274E66 /* LibraryViewController.xib */,
				4D7BF43A197D7B1500274E66 /* AlbumTableViewCell.h */,
				4D7BF43B197D7B1500274E66 /* AlbumTableViewCell.m */,
				4D7BF43C197D7B1500274E66 /* AlbumTableViewCell.xib */,
				4D8A18A81986A9640062D162 /* HeaderView.h */,
				4D8A18A91986A9640062D162 /* HeaderView.m */,
				4D8A18AB1986A97E0062D162 /* HeaderView.xib */,
				4D4C9F0C19744376004541F8 /* MusicLibrary.h */,
				4D4C9F0D19744376004541F8 /* MusicLibrary.m */,
				4D4C9F0F197452E3004541F8 /* Group.h */,
				4D4C9F10197452E3004541F8 /* Group.m */,
				4D4C9F1219745E88004541F8 /* Album.h */,
				4D4C9F1319745E88004541F8 /* Album.m */,
				4D588953197561C00042A3E9 /* Song.h */,
				4D588954197561C00042A3E9 /* Song.m */,
				4D815BEF19951DA6008577DF /* SearchViewController.h */,
				4D815BF019951DA6008577DF /* SearchViewController.m */,
				4D815BF119951DA6008577DF /* SearchViewController.xib */,
				4D815BF419951F3A008577DF /* SearchTableViewCell.h */,
				4D815BF519951F3A008577DF /* SearchTableViewCell.m */,
				4D815BF619951F3A008577DF /* SearchTableViewCell.xib */,
				4D860EC01998EF53007B80E0 /* SearchedObject.h */,
				4D860EC11998EF53007B80E0 /* SearchedObject.m */,
				4D860EC319991C15007B80E0 /* SearchBarViewController.h */,
				4D860EC419991C15007B80E0 /* SearchBarViewController.m */,
				4D860EC519991C15007B80E0 /* SearchBarViewController.xib */,
				4D9BC06A199A4F5F000C328B /* NoResultViewController.h */,
				4D9BC06B199A4F5F000C328B /* NoResultViewController.m */,
				4D9BC06C199A4F5F000C328B /* NoResultViewController.xib */,
				4D9BC080199CFDE5000C328B /* RecentSearchTableViewCell.h */,
				4D9BC081199CFDE5000C328B /* RecentSearchTableViewCell.m */,
				4D9BC082199CFDE5000C328B /* RecentSearchTableViewCell.xib */,
				4D9BC071199A7DCC000C328B /* SearchService.h */,
				4D9BC072199A7DCC000C328B /* SearchService.m */,
				4D9BC076199BA7AD000C328B /* KeyboardToolbar.h */,
				4D9BC077199BA7AD000C328B /* KeyboardToolbar.m */,
				4D9BC079199BC1D1000C328B /* FetchImageService.h */,
				4D9BC07A199BC1D1000C328B /* FetchImageService.m */,
				4DFEC9F219741BF7009B6499 /* Images.xcassets */,
				4DFEC9E719741BF7009B6499 /* Supporting Files */,
				4D9BC08519A4CC71000C328B /* StorageManager.h */,
				4D9BC08619A4CC71000C328B /* StorageManager.m */,
				4DA1529C19A50788003DA1FC /* ProductDetailViewController.h */,
				4DA1529D19A50788003DA1FC /* ProductDetailViewController.m */,
				4DA1529E19A50788003DA1FC /* ProductDetailViewController.xib */,
				4DC7E71419A781B300331811 /* ProductDetailCell.h */,
				4DC7E71519A781B300331811 /* ProductDetailCell.m */,
				4DC7E71719A781DE00331811 /* ProductDetailCell.xib */,
				4DC7E71C19A7977000331811 /* ItemService.h */,
				4DC7E71D19A7977000331811 /* ItemService.m */,
				4D98B03319AB6BF2001DC328 /* SpinnerImageView.h */,
				4D98B03419AB6BF2001DC328 /* SpinnerImageView.m */,
			);
			path = Musica;
			sourceTree = "<group>";
		};
		4DFEC9E719741BF7009B6499 /* Supporting Files */ = {
			isa = PBXGroup;
			children = (
				4DFEC9E819741BF7009B6499 /* Musica-Info.plist */,
				4DFEC9E919741BF7009B6499 /* InfoPlist.strings */,
				4DFEC9EC19741BF7009B6499 /* main.m */,
				4DFEC9EE19741BF7009B6499 /* Musica-Prefix.pch */,
			);
			name = "Supporting Files";
			sourceTree = "<group>";
		};
		4DFEC9FF19741BF7009B6499 /* MusicaTests */ = {
			isa = PBXGroup;
			children = (
				4DFECA0519741BF7009B6499 /* MusicaTests.m */,
				4DFECA0019741BF7009B6499 /* Supporting Files */,
			);
			path = MusicaTests;
			sourceTree = "<group>";
		};
		4DFECA0019741BF7009B6499 /* Supporting Files */ = {
			isa = PBXGroup;
			children = (
				4DFECA0119741BF7009B6499 /* MusicaTests-Info.plist */,
				4DFECA0219741BF7009B6499 /* InfoPlist.strings */,
			);
			name = "Supporting Files";
			sourceTree = "<group>";
		};
/* End PBXGroup section */

/* Begin PBXNativeTarget section */
		4DFEC9DC19741BF7009B6499 /* Musica */ = {
			isa = PBXNativeTarget;
			buildConfigurationList = 4DFECA0919741BF7009B6499 /* Build configuration list for PBXNativeTarget "Musica" */;
			buildPhases = (
				4DFEC9D919741BF7009B6499 /* Sources */,
				4DFEC9DA19741BF7009B6499 /* Frameworks */,
				4DFEC9DB19741BF7009B6499 /* Resources */,
			);
			buildRules = (
			);
			dependencies = (
			);
			name = Musica;
			productName = Musica;
			productReference = 4DFEC9DD19741BF7009B6499 /* Musica.app */;
			productType = "com.apple.product-type.application";
		};
		4DFEC9F719741BF7009B6499 /* MusicaTests */ = {
			isa = PBXNativeTarget;
			buildConfigurationList = 4DFECA0C19741BF7009B6499 /* Build configuration list for PBXNativeTarget "MusicaTests" */;
			buildPhases = (
				4DFEC9F419741BF7009B6499 /* Sources */,
				4DFEC9F519741BF7009B6499 /* Frameworks */,
				4DFEC9F619741BF7009B6499 /* Resources */,
			);
			buildRules = (
			);
			dependencies = (
				4DFEC9FE19741BF7009B6499 /* PBXTargetDependency */,
			);
			name = MusicaTests;
			productName = MusicaTests;
			productReference = 4DFEC9F819741BF7009B6499 /* MusicaTests.xctest */;
			productType = "com.apple.product-type.bundle.unit-test";
		};
/* End PBXNativeTarget section */

/* Begin PBXProject section */
		4DFEC9D519741BF7009B6499 /* Project object */ = {
			isa = PBXProject;
			attributes = {
				LastUpgradeCheck = 0510;
				ORGANIZATIONNAME = "___FULLUSERNAME___";
				TargetAttributes = {
					4DFEC9F719741BF7009B6499 = {
						TestTargetID = 4DFEC9DC19741BF7009B6499;
					};
				};
			};
			buildConfigurationList = 4DFEC9D819741BF7009B6499 /* Build configuration list for PBXProject "Musica" */;
			compatibilityVersion = "Xcode 3.2";
			developmentRegion = English;
			hasScannedForEncodings = 0;
			knownRegions = (
				en,
			);
			mainGroup = 4DFEC9D419741BF7009B6499;
			productRefGroup = 4DFEC9DE19741BF7009B6499 /* Products */;
			projectDirPath = "";
			projectRoot = "";
			targets = (
				4DFEC9DC19741BF7009B6499 /* Musica */,
				4DFEC9F719741BF7009B6499 /* MusicaTests */,
			);
		};
/* End PBXProject section */

/* Begin PBXResourcesBuildPhase section */
		4DFEC9DB19741BF7009B6499 /* Resources */ = {
			isa = PBXResourcesBuildPhase;
			buildActionMask = 2147483647;
			files = (
				4D58BCF2197FFE2B00CC31E6 /* AlbumDetailViewController.xib in Resources */,
				4D9BC07F199CF556000C328B /* noimage.jpg in Resources */,
				4D815BF819951F3B008577DF /* SearchTableViewCell.xib in Resources */,
				4D4C9F0119741F9A004541F8 /* GroupViewController.xib in Resources */,
				4D9BC084199CFDE5000C328B /* RecentSearchTableViewCell.xib in Resources */,
				4DC06AC4197EA787007376DD /* thebeatles.jpg in Resources */,
				4D9BC06E199A4F5F000C328B /* NoResultViewController.xib in Resources */,
				4D58BCED197FE89600CC31E6 /* queen.jpg in Resources */,
				4DFEC9EB19741BF7009B6499 /* InfoPlist.strings in Resources */,
				4DC06AC5197EA787007376DD /* thedoors.jpg in Resources */,
				4D4C9EFC19741CDB004541F8 /* MainViewController.xib in Resources */,
				4D7BF43E197D7B1500274E66 /* AlbumTableViewCell.xib in Resources */,
				4D815BF319951DA6008577DF /* SearchViewController.xib in Resources */,
				4D7BF439197D5D3F00274E66 /* LibraryViewController.xib in Resources */,
				4D4C9F0B197421FB004541F8 /* SongViewController.xib in Resources */,
				4DC06AC3197EA787007376DD /* oasis.jpg in Resources */,
				4D860EC719991C15007B80E0 /* SearchBarViewController.xib in Resources */,
				4DA152A019A50788003DA1FC /* ProductDetailViewController.xib in Resources */,
				4DFEC9F319741BF7009B6499 /* Images.xcassets in Resources */,
				4D4C9F0619742146004541F8 /* AlbumViewController.xib in Resources */,
				4DC7E71819A781DE00331811 /* ProductDetailCell.xib in Resources */,
				4D8A18AC1986A97E0062D162 /* HeaderView.xib in Resources */,
			);
			runOnlyForDeploymentPostprocessing = 0;
		};
		4DFEC9F619741BF7009B6499 /* Resources */ = {
			isa = PBXResourcesBuildPhase;
			buildActionMask = 2147483647;
			files = (
				4DFECA0419741BF7009B6499 /* InfoPlist.strings in Resources */,
			);
			runOnlyForDeploymentPostprocessing = 0;
		};
/* End PBXResourcesBuildPhase section */

/* Begin PBXSourcesBuildPhase section */
		4DFEC9D919741BF7009B6499 /* Sources */ = {
			isa = PBXSourcesBuildPhase;
			buildActionMask = 2147483647;
			files = (
				4D98B03519AB6BF2001DC328 /* SpinnerImageView.m in Sources */,
				4D588955197561C00042A3E9 /* Song.m in Sources */,
				4D8A18AA1986A9640062D162 /* HeaderView.m in Sources */,
				4D4C9F0019741F9A004541F8 /* GroupViewController.m in Sources */,
				4DA1529F19A50788003DA1FC /* ProductDetailViewController.m in Sources */,
				4DC7E71E19A7977000331811 /* ItemService.m in Sources */,
				4D7BF438197D5D3F00274E66 /* LibraryViewController.m in Sources */,
				4D4C9F0519742146004541F8 /* AlbumViewController.m in Sources */,
				4D815BF719951F3B008577DF /* SearchTableViewCell.m in Sources */,
				4D815BF219951DA6008577DF /* SearchViewController.m in Sources */,
				4DFEC9F119741BF7009B6499 /* AppDelegate.m in Sources */,
				4D4C9F0A197421FB004541F8 /* SongViewController.m in Sources */,
				4D4C9F0E19744376004541F8 /* MusicLibrary.m in Sources */,
				4D7BF43D197D7B1500274E66 /* AlbumTableViewCell.m in Sources */,
				4D9BC06D199A4F5F000C328B /* NoResultViewController.m in Sources */,
				4D9BC07B199BC1D1000C328B /* FetchImageService.m in Sources */,
				4DC7E71619A781B300331811 /* ProductDetailCell.m in Sources */,
				4D4C9EFB19741CDB004541F8 /* MainViewController.m in Sources */,
				4DC06ACE197EADF1007376DD /* AlbumImageViewPickerDelegate.m in Sources */,
				4D9BC08719A4CC71000C328B /* StorageManager.m in Sources */,
				4D4C9F1419745E88004541F8 /* Album.m in Sources */,
				4D860EC619991C15007B80E0 /* SearchBarViewController.m in Sources */,
				4D9BC078199BA7AD000C328B /* KeyboardToolbar.m in Sources */,
				4DFEC9ED19741BF7009B6499 /* main.m in Sources */,
				4D4C9F11197452E3004541F8 /* Group.m in Sources */,
				4D860EC21998EF53007B80E0 /* SearchedObject.m in Sources */,
				4D58BCF1197FFE2B00CC31E6 /* AlbumDetailViewController.m in Sources */,
				4D9BC083199CFDE5000C328B /* RecentSearchTableViewCell.m in Sources */,
				4DAE0328199275310078DEB4 /* MBProgressHUD.m in Sources */,
				4D9BC073199A7DCC000C328B /* SearchService.m in Sources */,
			);
			runOnlyForDeploymentPostprocessing = 0;
		};
		4DFEC9F419741BF7009B6499 /* Sources */ = {
			isa = PBXSourcesBuildPhase;
			buildActionMask = 2147483647;
			files = (
				4DFECA0619741BF7009B6499 /* MusicaTests.m in Sources */,
			);
			runOnlyForDeploymentPostprocessing = 0;
		};
/* End PBXSourcesBuildPhase section */

/* Begin PBXTargetDependency section */
		4DFEC9FE19741BF7009B6499 /* PBXTargetDependency */ = {
			isa = PBXTargetDependency;
			target = 4DFEC9DC19741BF7009B6499 /* Musica */;
			targetProxy = 4DFEC9FD19741BF7009B6499 /* PBXContainerItemProxy */;
		};
/* End PBXTargetDependency section */

/* Begin PBXVariantGroup section */
		4DFEC9E919741BF7009B6499 /* InfoPlist.strings */ = {
			isa = PBXVariantGroup;
			children = (
				4DFEC9EA19741BF7009B6499 /* en */,
			);
			name = InfoPlist.strings;
			sourceTree = "<group>";
		};
		4DFECA0219741BF7009B6499 /* InfoPlist.strings */ = {
			isa = PBXVariantGroup;
			children = (
				4DFECA0319741BF7009B6499 /* en */,
			);
			name = InfoPlist.strings;
			sourceTree = "<group>";
		};
/* End PBXVariantGroup section */

/* Begin XCBuildConfiguration section */
		4DFECA0719741BF7009B6499 /* Debug */ = {
			isa = XCBuildConfiguration;
			buildSettings = {
				ALWAYS_SEARCH_USER_PATHS = NO;
				CLANG_CXX_LANGUAGE_STANDARD = "gnu++0x";
				CLANG_CXX_LIBRARY = "libc++";
				CLANG_ENABLE_MODULES = YES;
				CLANG_ENABLE_OBJC_ARC = YES;
				CLANG_WARN_BOOL_CONVERSION = YES;
				CLANG_WARN_CONSTANT_CONVERSION = YES;
				CLANG_WARN_DIRECT_OBJC_ISA_USAGE = YES_ERROR;
				CLANG_WARN_EMPTY_BODY = YES;
				CLANG_WARN_ENUM_CONVERSION = YES;
				CLANG_WARN_INT_CONVERSION = YES;
				CLANG_WARN_OBJC_ROOT_CLASS = YES_ERROR;
				CLANG_WARN__DUPLICATE_METHOD_MATCH = YES;
				"CODE_SIGN_IDENTITY[sdk=iphoneos*]" = "iPhone Developer";
				COPY_PHASE_STRIP = NO;
				GCC_C_LANGUAGE_STANDARD = gnu99;
				GCC_DYNAMIC_NO_PIC = NO;
				GCC_OPTIMIZATION_LEVEL = 0;
				GCC_PREPROCESSOR_DEFINITIONS = (
					"DEBUG=1",
					"$(inherited)",
				);
				GCC_SYMBOLS_PRIVATE_EXTERN = NO;
				GCC_WARN_64_TO_32_BIT_CONVERSION = YES;
				GCC_WARN_ABOUT_RETURN_TYPE = YES_ERROR;
				GCC_WARN_UNDECLARED_SELECTOR = YES;
				GCC_WARN_UNINITIALIZED_AUTOS = YES_AGGRESSIVE;
				GCC_WARN_UNUSED_FUNCTION = YES;
				GCC_WARN_UNUSED_VARIABLE = YES;
				IPHONEOS_DEPLOYMENT_TARGET = 7.1;
				ONLY_ACTIVE_ARCH = YES;
				SDKROOT = iphoneos;
				TARGETED_DEVICE_FAMILY = "1,2";
			};
			name = Debug;
		};
		4DFECA0819741BF7009B6499 /* Release */ = {
			isa = XCBuildConfiguration;
			buildSettings = {
				ALWAYS_SEARCH_USER_PATHS = NO;
				CLANG_CXX_LANGUAGE_STANDARD = "gnu++0x";
				CLANG_CXX_LIBRARY = "libc++";
				CLANG_ENABLE_MODULES = YES;
				CLANG_ENABLE_OBJC_ARC = YES;
				CLANG_WARN_BOOL_CONVERSION = YES;
				CLANG_WARN_CONSTANT_CONVERSION = YES;
				CLANG_WARN_DIRECT_OBJC_ISA_USAGE = YES_ERROR;
				CLANG_WARN_EMPTY_BODY = YES;
				CLANG_WARN_ENUM_CONVERSION = YES;
				CLANG_WARN_INT_CONVERSION = YES;
				CLANG_WARN_OBJC_ROOT_CLASS = YES_ERROR;
				CLANG_WARN__DUPLICATE_METHOD_MATCH = YES;
				"CODE_SIGN_IDENTITY[sdk=iphoneos*]" = "iPhone Developer";
				COPY_PHASE_STRIP = YES;
				ENABLE_NS_ASSERTIONS = NO;
				GCC_C_LANGUAGE_STANDARD = gnu99;
				GCC_WARN_64_TO_32_BIT_CONVERSION = YES;
				GCC_WARN_ABOUT_RETURN_TYPE = YES_ERROR;
				GCC_WARN_UNDECLARED_SELECTOR = YES;
				GCC_WARN_UNINITIALIZED_AUTOS = YES_AGGRESSIVE;
				GCC_WARN_UNUSED_FUNCTION = YES;
				GCC_WARN_UNUSED_VARIABLE = YES;
				IPHONEOS_DEPLOYMENT_TARGET = 7.1;
				SDKROOT = iphoneos;
				TARGETED_DEVICE_FAMILY = "1,2";
				VALIDATE_PRODUCT = YES;
			};
			name = Release;
		};
		4DFECA0A19741BF7009B6499 /* Debug */ = {
			isa = XCBuildConfiguration;
			buildSettings = {
				ASSETCATALOG_COMPILER_APPICON_NAME = AppIcon;
				ASSETCATALOG_COMPILER_LAUNCHIMAGE_NAME = LaunchImage;
				CLANG_ENABLE_OBJC_ARC = YES;
				GCC_PRECOMPILE_PREFIX_HEADER = YES;
				GCC_PREFIX_HEADER = "Musica/Musica-Prefix.pch";
				INFOPLIST_FILE = "Musica/Musica-Info.plist";
				PRODUCT_NAME = "$(TARGET_NAME)";
				WRAPPER_EXTENSION = app;
			};
			name = Debug;
		};
		4DFECA0B19741BF7009B6499 /* Release */ = {
			isa = XCBuildConfiguration;
			buildSettings = {
				ASSETCATALOG_COMPILER_APPICON_NAME = AppIcon;
				ASSETCATALOG_COMPILER_LAUNCHIMAGE_NAME = LaunchImage;
				CLANG_ENABLE_OBJC_ARC = YES;
				GCC_PRECOMPILE_PREFIX_HEADER = YES;
				GCC_PREFIX_HEADER = "Musica/Musica-Prefix.pch";
				INFOPLIST_FILE = "Musica/Musica-Info.plist";
				PRODUCT_NAME = "$(TARGET_NAME)";
				WRAPPER_EXTENSION = app;
			};
			name = Release;
		};
		4DFECA0D19741BF7009B6499 /* Debug */ = {
			isa = XCBuildConfiguration;
			buildSettings = {
				BUNDLE_LOADER = "$(BUILT_PRODUCTS_DIR)/Musica.app/Musica";
				FRAMEWORK_SEARCH_PATHS = (
					"$(SDKROOT)/Developer/Library/Frameworks",
					"$(inherited)",
					"$(DEVELOPER_FRAMEWORKS_DIR)",
				);
				GCC_PRECOMPILE_PREFIX_HEADER = YES;
				GCC_PREFIX_HEADER = "Musica/Musica-Prefix.pch";
				GCC_PREPROCESSOR_DEFINITIONS = (
					"DEBUG=1",
					"$(inherited)",
				);
				INFOPLIST_FILE = "MusicaTests/MusicaTests-Info.plist";
				PRODUCT_NAME = "$(TARGET_NAME)";
				TEST_HOST = "$(BUNDLE_LOADER)";
				WRAPPER_EXTENSION = xctest;
			};
			name = Debug;
		};
		4DFECA0E19741BF7009B6499 /* Release */ = {
			isa = XCBuildConfiguration;
			buildSettings = {
				BUNDLE_LOADER = "$(BUILT_PRODUCTS_DIR)/Musica.app/Musica";
				FRAMEWORK_SEARCH_PATHS = (
					"$(SDKROOT)/Developer/Library/Frameworks",
					"$(inherited)",
					"$(DEVELOPER_FRAMEWORKS_DIR)",
				);
				GCC_PRECOMPILE_PREFIX_HEADER = YES;
				GCC_PREFIX_HEADER = "Musica/Musica-Prefix.pch";
				INFOPLIST_FILE = "MusicaTests/MusicaTests-Info.plist";
				PRODUCT_NAME = "$(TARGET_NAME)";
				TEST_HOST = "$(BUNDLE_LOADER)";
				WRAPPER_EXTENSION = xctest;
			};
			name = Release;
		};
/* End XCBuildConfiguration section */

/* Begin XCConfigurationList section */
		4DFEC9D819741BF7009B6499 /* Build configuration list for PBXProject "Musica" */ = {
			isa = XCConfigurationList;
			buildConfigurations = (
				4DFECA0719741BF7009B6499 /* Debug */,
				4DFECA0819741BF7009B6499 /* Release */,
			);
			defaultConfigurationIsVisible = 0;
			defaultConfigurationName = Release;
		};
		4DFECA0919741BF7009B6499 /* Build configuration list for PBXNativeTarget "Musica" */ = {
			isa = XCConfigurationList;
			buildConfigurations = (
				4DFECA0A19741BF7009B6499 /* Debug */,
				4DFECA0B19741BF7009B6499 /* Release */,
			);
			defaultConfigurationIsVisible = 0;
			defaultConfigurationName = Release;
		};
		4DFECA0C19741BF7009B6499 /* Build configuration list for PBXNativeTarget "MusicaTests" */ = {
			isa = XCConfigurationList;
			buildConfigurations = (
				4DFECA0D19741BF7009B6499 /* Debug */,
				4DFECA0E19741BF7009B6499 /* Release */,
			);
			defaultConfigurationIsVisible = 0;
			defaultConfigurationName = Release;
		};
/* End XCConfigurationList section */
	};
	rootObject = 4DFEC9D519741BF7009B6499 /* Project object */;
}
