// !$*UTF8*$!
{
	archiveVersion = 1;
	classes = {
	};
	objectVersion = 46;
	objects = {

/* Begin PBXBuildFile section */
		4D3343901965ABDB00C955BF /* MainViewControlerViewController.m in Sources */ = {isa = PBXBuildFile; fileRef = 4D33438E1965ABDB00C955BF /* MainViewControlerViewController.m */; };
		4D3343911965ABDB00C955BF /* MainViewControlerViewController.xib in Resources */ = {isa = PBXBuildFile; fileRef = 4D33438F1965ABDB00C955BF /* MainViewControlerViewController.xib */; };
		4DF1F076196457D900304E2A /* Foundation.framework in Frameworks */ = {isa = PBXBuildFile; fileRef = 4DF1F075196457D900304E2A /* Foundation.framework */; };
		4DF1F078196457D900304E2A /* CoreGraphics.framework in Frameworks */ = {isa = PBXBuildFile; fileRef = 4DF1F077196457D900304E2A /* CoreGraphics.framework */; };
		4DF1F07A196457D900304E2A /* UIKit.framework in Frameworks */ = {isa = PBXBuildFile; fileRef = 4DF1F079196457D900304E2A /* UIKit.framework */; };
		4DF1F080196457D900304E2A /* InfoPlist.strings in Resources */ = {isa = PBXBuildFile; fileRef = 4DF1F07E196457D900304E2A /* InfoPlist.strings */; };
		4DF1F082196457D900304E2A /* main.m in Sources */ = {isa = PBXBuildFile; fileRef = 4DF1F081196457D900304E2A /* main.m */; };
		4DF1F086196457D900304E2A /* AppDelegate.m in Sources */ = {isa = PBXBuildFile; fileRef = 4DF1F085196457D900304E2A /* AppDelegate.m */; };
		4DF1F088196457D900304E2A /* Images.xcassets in Resources */ = {isa = PBXBuildFile; fileRef = 4DF1F087196457D900304E2A /* Images.xcassets */; };
		4DF1F08F196457D900304E2A /* XCTest.framework in Frameworks */ = {isa = PBXBuildFile; fileRef = 4DF1F08E196457D900304E2A /* XCTest.framework */; };
		4DF1F090196457D900304E2A /* Foundation.framework in Frameworks */ = {isa = PBXBuildFile; fileRef = 4DF1F075196457D900304E2A /* Foundation.framework */; };
		4DF1F091196457D900304E2A /* UIKit.framework in Frameworks */ = {isa = PBXBuildFile; fileRef = 4DF1F079196457D900304E2A /* UIKit.framework */; };
		4DF1F099196457D900304E2A /* InfoPlist.strings in Resources */ = {isa = PBXBuildFile; fileRef = 4DF1F097196457D900304E2A /* InfoPlist.strings */; };
		4DF1F09B196457D900304E2A /* CalculatorTests.m in Sources */ = {isa = PBXBuildFile; fileRef = 4DF1F09A196457D900304E2A /* CalculatorTests.m */; };
		4DF1F0A619645A0200304E2A /* Calculator.m in Sources */ = {isa = PBXBuildFile; fileRef = 4DF1F0A519645A0200304E2A /* Calculator.m */; };
/* End PBXBuildFile section */

/* Begin PBXContainerItemProxy section */
		4DF1F092196457D900304E2A /* PBXContainerItemProxy */ = {
			isa = PBXContainerItemProxy;
			containerPortal = 4DF1F06A196457D800304E2A /* Project object */;
			proxyType = 1;
			remoteGlobalIDString = 4DF1F071196457D800304E2A;
			remoteInfo = Calculator;
		};
/* End PBXContainerItemProxy section */

/* Begin PBXFileReference section */
		4D33438D1965ABDB00C955BF /* MainViewControlerViewController.h */ = {isa = PBXFileReference; fileEncoding = 4; lastKnownFileType = sourcecode.c.h; path = MainViewControlerViewController.h; sourceTree = "<group>"; };
		4D33438E1965ABDB00C955BF /* MainViewControlerViewController.m */ = {isa = PBXFileReference; fileEncoding = 4; lastKnownFileType = sourcecode.c.objc; path = MainViewControlerViewController.m; sourceTree = "<group>"; };
		4D33438F1965ABDB00C955BF /* MainViewControlerViewController.xib */ = {isa = PBXFileReference; fileEncoding = 4; lastKnownFileType = file.xib; path = MainViewControlerViewController.xib; sourceTree = "<group>"; };
		4DB24BE7196ADDF10054B46E /* FinishOperation.h */ = {isa = PBXFileReference; lastKnownFileType = sourcecode.c.h; path = FinishOperation.h; sourceTree = "<group>"; };
		4DF1F072196457D900304E2A /* Calculator.app */ = {isa = PBXFileReference; explicitFileType = wrapper.application; includeInIndex = 0; path = Calculator.app; sourceTree = BUILT_PRODUCTS_DIR; };
		4DF1F075196457D900304E2A /* Foundation.framework */ = {isa = PBXFileReference; lastKnownFileType = wrapper.framework; name = Foundation.framework; path = System/Library/Frameworks/Foundation.framework; sourceTree = SDKROOT; };
		4DF1F077196457D900304E2A /* CoreGraphics.framework */ = {isa = PBXFileReference; lastKnownFileType = wrapper.framework; name = CoreGraphics.framework; path = System/Library/Frameworks/CoreGraphics.framework; sourceTree = SDKROOT; };
		4DF1F079196457D900304E2A /* UIKit.framework */ = {isa = PBXFileReference; lastKnownFileType = wrapper.framework; name = UIKit.framework; path = System/Library/Frameworks/UIKit.framework; sourceTree = SDKROOT; };
		4DF1F07D196457D900304E2A /* Calculator-Info.plist */ = {isa = PBXFileReference; lastKnownFileType = text.plist.xml; path = "Calculator-Info.plist"; sourceTree = "<group>"; };
		4DF1F07F196457D900304E2A /* en */ = {isa = PBXFileReference; lastKnownFileType = text.plist.strings; name = en; path = en.lproj/InfoPlist.strings; sourceTree = "<group>"; };
		4DF1F081196457D900304E2A /* main.m */ = {isa = PBXFileReference; lastKnownFileType = sourcecode.c.objc; path = main.m; sourceTree = "<group>"; };
		4DF1F083196457D900304E2A /* Calculator-Prefix.pch */ = {isa = PBXFileReference; lastKnownFileType = sourcecode.c.h; path = "Calculator-Prefix.pch"; sourceTree = "<group>"; };
		4DF1F084196457D900304E2A /* AppDelegate.h */ = {isa = PBXFileReference; lastKnownFileType = sourcecode.c.h; path = AppDelegate.h; sourceTree = "<group>"; };
		4DF1F085196457D900304E2A /* AppDelegate.m */ = {isa = PBXFileReference; lastKnownFileType = sourcecode.c.objc; path = AppDelegate.m; sourceTree = "<group>"; };
		4DF1F087196457D900304E2A /* Images.xcassets */ = {isa = PBXFileReference; lastKnownFileType = folder.assetcatalog; path = Images.xcassets; sourceTree = "<group>"; };
		4DF1F08D196457D900304E2A /* CalculatorTests.xctest */ = {isa = PBXFileReference; explicitFileType = wrapper.cfbundle; includeInIndex = 0; path = CalculatorTests.xctest; sourceTree = BUILT_PRODUCTS_DIR; };
		4DF1F08E196457D900304E2A /* XCTest.framework */ = {isa = PBXFileReference; lastKnownFileType = wrapper.framework; name = XCTest.framework; path = Library/Frameworks/XCTest.framework; sourceTree = DEVELOPER_DIR; };
		4DF1F096196457D900304E2A /* CalculatorTests-Info.plist */ = {isa = PBXFileReference; lastKnownFileType = text.plist.xml; path = "CalculatorTests-Info.plist"; sourceTree = "<group>"; };
		4DF1F098196457D900304E2A /* en */ = {isa = PBXFileReference; lastKnownFileType = text.plist.strings; name = en; path = en.lproj/InfoPlist.strings; sourceTree = "<group>"; };
		4DF1F09A196457D900304E2A /* CalculatorTests.m */ = {isa = PBXFileReference; lastKnownFileType = sourcecode.c.objc; path = CalculatorTests.m; sourceTree = "<group>"; };
		4DF1F0A419645A0200304E2A /* Calculator.h */ = {isa = PBXFileReference; fileEncoding = 4; lastKnownFileType = sourcecode.c.h; path = Calculator.h; sourceTree = "<group>"; };
		4DF1F0A519645A0200304E2A /* Calculator.m */ = {isa = PBXFileReference; fileEncoding = 4; lastKnownFileType = sourcecode.c.objc; path = Calculator.m; sourceTree = "<group>"; };
		4DF1F0A719646D4200304E2A /* MultiplesOfTwo.h */ = {isa = PBXFileReference; lastKnownFileType = sourcecode.c.h; path = MultiplesOfTwo.h; sourceTree = "<group>"; };
/* End PBXFileReference section */

/* Begin PBXFrameworksBuildPhase section */
		4DF1F06F196457D800304E2A /* Frameworks */ = {
			isa = PBXFrameworksBuildPhase;
			buildActionMask = 2147483647;
			files = (
				4DF1F078196457D900304E2A /* CoreGraphics.framework in Frameworks */,
				4DF1F07A196457D900304E2A /* UIKit.framework in Frameworks */,
				4DF1F076196457D900304E2A /* Foundation.framework in Frameworks */,
			);
			runOnlyForDeploymentPostprocessing = 0;
		};
		4DF1F08A196457D900304E2A /* Frameworks */ = {
			isa = PBXFrameworksBuildPhase;
			buildActionMask = 2147483647;
			files = (
				4DF1F08F196457D900304E2A /* XCTest.framework in Frameworks */,
				4DF1F091196457D900304E2A /* UIKit.framework in Frameworks */,
				4DF1F090196457D900304E2A /* Foundation.framework in Frameworks */,
			);
			runOnlyForDeploymentPostprocessing = 0;
		};
/* End PBXFrameworksBuildPhase section */

/* Begin PBXGroup section */
		4DF1F069196457D800304E2A = {
			isa = PBXGroup;
			children = (
				4DF1F07B196457D900304E2A /* Calculator */,
				4DF1F094196457D900304E2A /* CalculatorTests */,
				4DF1F074196457D900304E2A /* Frameworks */,
				4DF1F073196457D900304E2A /* Products */,
			);
			sourceTree = "<group>";
		};
		4DF1F073196457D900304E2A /* Products */ = {
			isa = PBXGroup;
			children = (
				4DF1F072196457D900304E2A /* Calculator.app */,
				4DF1F08D196457D900304E2A /* CalculatorTests.xctest */,
			);
			name = Products;
			sourceTree = "<group>";
		};
		4DF1F074196457D900304E2A /* Frameworks */ = {
			isa = PBXGroup;
			children = (
				4DF1F075196457D900304E2A /* Foundation.framework */,
				4DF1F077196457D900304E2A /* CoreGraphics.framework */,
				4DF1F079196457D900304E2A /* UIKit.framework */,
				4DF1F08E196457D900304E2A /* XCTest.framework */,
			);
			name = Frameworks;
			sourceTree = "<group>";
		};
		4DF1F07B196457D900304E2A /* Calculator */ = {
			isa = PBXGroup;
			children = (
				4DF1F084196457D900304E2A /* AppDelegate.h */,
				4DF1F085196457D900304E2A /* AppDelegate.m */,
				4DF1F087196457D900304E2A /* Images.xcassets */,
				4DF1F07C196457D900304E2A /* Supporting Files */,
				4DF1F0A419645A0200304E2A /* Calculator.h */,
				4DF1F0A519645A0200304E2A /* Calculator.m */,
				4DF1F0A719646D4200304E2A /* MultiplesOfTwo.h */,
				4D33438D1965ABDB00C955BF /* MainViewControlerViewController.h */,
				4D33438E1965ABDB00C955BF /* MainViewControlerViewController.m */,
				4D33438F1965ABDB00C955BF /* MainViewControlerViewController.xib */,
				4DB24BE7196ADDF10054B46E /* FinishOperation.h */,
			);
			path = Calculator;
			sourceTree = "<group>";
		};
		4DF1F07C196457D900304E2A /* Supporting Files */ = {
			isa = PBXGroup;
			children = (
				4DF1F07D196457D900304E2A /* Calculator-Info.plist */,
				4DF1F07E196457D900304E2A /* InfoPlist.strings */,
				4DF1F081196457D900304E2A /* main.m */,
				4DF1F083196457D900304E2A /* Calculator-Prefix.pch */,
			);
			name = "Supporting Files";
			sourceTree = "<group>";
		};
		4DF1F094196457D900304E2A /* CalculatorTests */ = {
			isa = PBXGroup;
			children = (
				4DF1F09A196457D900304E2A /* CalculatorTests.m */,
				4DF1F095196457D900304E2A /* Supporting Files */,
			);
			path = CalculatorTests;
			sourceTree = "<group>";
		};
		4DF1F095196457D900304E2A /* Supporting Files */ = {
			isa = PBXGroup;
			children = (
				4DF1F096196457D900304E2A /* CalculatorTests-Info.plist */,
				4DF1F097196457D900304E2A /* InfoPlist.strings */,
			);
			name = "Supporting Files";
			sourceTree = "<group>";
		};
/* End PBXGroup section */

/* Begin PBXNativeTarget section */
		4DF1F071196457D800304E2A /* Calculator */ = {
			isa = PBXNativeTarget;
			buildConfigurationList = 4DF1F09E196457D900304E2A /* Build configuration list for PBXNativeTarget "Calculator" */;
			buildPhases = (
				4DF1F06E196457D800304E2A /* Sources */,
				4DF1F06F196457D800304E2A /* Frameworks */,
				4DF1F070196457D800304E2A /* Resources */,
			);
			buildRules = (
			);
			dependencies = (
			);
			name = Calculator;
			productName = Calculator;
			productReference = 4DF1F072196457D900304E2A /* Calculator.app */;
			productType = "com.apple.product-type.application";
		};
		4DF1F08C196457D900304E2A /* CalculatorTests */ = {
			isa = PBXNativeTarget;
			buildConfigurationList = 4DF1F0A1196457D900304E2A /* Build configuration list for PBXNativeTarget "CalculatorTests" */;
			buildPhases = (
				4DF1F089196457D900304E2A /* Sources */,
				4DF1F08A196457D900304E2A /* Frameworks */,
				4DF1F08B196457D900304E2A /* Resources */,
			);
			buildRules = (
			);
			dependencies = (
				4DF1F093196457D900304E2A /* PBXTargetDependency */,
			);
			name = CalculatorTests;
			productName = CalculatorTests;
			productReference = 4DF1F08D196457D900304E2A /* CalculatorTests.xctest */;
			productType = "com.apple.product-type.bundle.unit-test";
		};
/* End PBXNativeTarget section */

/* Begin PBXProject section */
		4DF1F06A196457D800304E2A /* Project object */ = {
			isa = PBXProject;
			attributes = {
				LastUpgradeCheck = 0510;
				ORGANIZATIONNAME = com.mercadolibre;
				TargetAttributes = {
					4DF1F08C196457D900304E2A = {
						TestTargetID = 4DF1F071196457D800304E2A;
					};
				};
			};
			buildConfigurationList = 4DF1F06D196457D800304E2A /* Build configuration list for PBXProject "Calculator" */;
			compatibilityVersion = "Xcode 3.2";
			developmentRegion = English;
			hasScannedForEncodings = 0;
			knownRegions = (
				en,
			);
			mainGroup = 4DF1F069196457D800304E2A;
			productRefGroup = 4DF1F073196457D900304E2A /* Products */;
			projectDirPath = "";
			projectRoot = "";
			targets = (
				4DF1F071196457D800304E2A /* Calculator */,
				4DF1F08C196457D900304E2A /* CalculatorTests */,
			);
		};
/* End PBXProject section */

/* Begin PBXResourcesBuildPhase section */
		4DF1F070196457D800304E2A /* Resources */ = {
			isa = PBXResourcesBuildPhase;
			buildActionMask = 2147483647;
			files = (
				4DF1F080196457D900304E2A /* InfoPlist.strings in Resources */,
				4D3343911965ABDB00C955BF /* MainViewControlerViewController.xib in Resources */,
				4DF1F088196457D900304E2A /* Images.xcassets in Resources */,
			);
			runOnlyForDeploymentPostprocessing = 0;
		};
		4DF1F08B196457D900304E2A /* Resources */ = {
			isa = PBXResourcesBuildPhase;
			buildActionMask = 2147483647;
			files = (
				4DF1F099196457D900304E2A /* InfoPlist.strings in Resources */,
			);
			runOnlyForDeploymentPostprocessing = 0;
		};
/* End PBXResourcesBuildPhase section */

/* Begin PBXSourcesBuildPhase section */
		4DF1F06E196457D800304E2A /* Sources */ = {
			isa = PBXSourcesBuildPhase;
			buildActionMask = 2147483647;
			files = (
				4DF1F0A619645A0200304E2A /* Calculator.m in Sources */,
				4D3343901965ABDB00C955BF /* MainViewControlerViewController.m in Sources */,
				4DF1F086196457D900304E2A /* AppDelegate.m in Sources */,
				4DF1F082196457D900304E2A /* main.m in Sources */,
			);
			runOnlyForDeploymentPostprocessing = 0;
		};
		4DF1F089196457D900304E2A /* Sources */ = {
			isa = PBXSourcesBuildPhase;
			buildActionMask = 2147483647;
			files = (
				4DF1F09B196457D900304E2A /* CalculatorTests.m in Sources */,
			);
			runOnlyForDeploymentPostprocessing = 0;
		};
/* End PBXSourcesBuildPhase section */

/* Begin PBXTargetDependency section */
		4DF1F093196457D900304E2A /* PBXTargetDependency */ = {
			isa = PBXTargetDependency;
			target = 4DF1F071196457D800304E2A /* Calculator */;
			targetProxy = 4DF1F092196457D900304E2A /* PBXContainerItemProxy */;
		};
/* End PBXTargetDependency section */

/* Begin PBXVariantGroup section */
		4DF1F07E196457D900304E2A /* InfoPlist.strings */ = {
			isa = PBXVariantGroup;
			children = (
				4DF1F07F196457D900304E2A /* en */,
			);
			name = InfoPlist.strings;
			sourceTree = "<group>";
		};
		4DF1F097196457D900304E2A /* InfoPlist.strings */ = {
			isa = PBXVariantGroup;
			children = (
				4DF1F098196457D900304E2A /* en */,
			);
			name = InfoPlist.strings;
			sourceTree = "<group>";
		};
/* End PBXVariantGroup section */

/* Begin XCBuildConfiguration section */
		4DF1F09C196457D900304E2A /* Debug */ = {
			isa = XCBuildConfiguration;
			buildSettings = {
				ALWAYS_SEARCH_USER_PATHS = NO;
				CLANG_CXX_LANGUAGE_STANDARD = "gnu++0x";
				CLANG_CXX_LIBRARY = "libc++";
				CLANG_ENABLE_MODULES = YES;
				CLANG_ENABLE_OBJC_ARC = YES;
				CLANG_WARN_BOOL_CONVERSION = YES;
				CLANG_WARN_CONSTANT_CONVERSION = YES;
				CLANG_WARN_DIRECT_OBJC_ISA_USAGE = YES_ERROR;
				CLANG_WARN_EMPTY_BODY = YES;
				CLANG_WARN_ENUM_CONVERSION = YES;
				CLANG_WARN_INT_CONVERSION = YES;
				CLANG_WARN_OBJC_ROOT_CLASS = YES_ERROR;
				CLANG_WARN__DUPLICATE_METHOD_MATCH = YES;
				"CODE_SIGN_IDENTITY[sdk=iphoneos*]" = "iPhone Developer";
				COPY_PHASE_STRIP = NO;
				GCC_C_LANGUAGE_STANDARD = gnu99;
				GCC_DYNAMIC_NO_PIC = NO;
				GCC_OPTIMIZATION_LEVEL = 0;
				GCC_PREPROCESSOR_DEFINITIONS = (
					"DEBUG=1",
					"$(inherited)",
				);
				GCC_SYMBOLS_PRIVATE_EXTERN = NO;
				GCC_WARN_64_TO_32_BIT_CONVERSION = YES;
				GCC_WARN_ABOUT_RETURN_TYPE = YES_ERROR;
				GCC_WARN_UNDECLARED_SELECTOR = YES;
				GCC_WARN_UNINITIALIZED_AUTOS = YES_AGGRESSIVE;
				GCC_WARN_UNUSED_FUNCTION = YES;
				GCC_WARN_UNUSED_VARIABLE = YES;
				IPHONEOS_DEPLOYMENT_TARGET = 7.1;
				ONLY_ACTIVE_ARCH = YES;
				SDKROOT = iphoneos;
				TARGETED_DEVICE_FAMILY = "1,2";
			};
			name = Debug;
		};
		4DF1F09D196457D900304E2A /* Release */ = {
			isa = XCBuildConfiguration;
			buildSettings = {
				ALWAYS_SEARCH_USER_PATHS = NO;
				CLANG_CXX_LANGUAGE_STANDARD = "gnu++0x";
				CLANG_CXX_LIBRARY = "libc++";
				CLANG_ENABLE_MODULES = YES;
				CLANG_ENABLE_OBJC_ARC = YES;
				CLANG_WARN_BOOL_CONVERSION = YES;
				CLANG_WARN_CONSTANT_CONVERSION = YES;
				CLANG_WARN_DIRECT_OBJC_ISA_USAGE = YES_ERROR;
				CLANG_WARN_EMPTY_BODY = YES;
				CLANG_WARN_ENUM_CONVERSION = YES;
				CLANG_WARN_INT_CONVERSION = YES;
				CLANG_WARN_OBJC_ROOT_CLASS = YES_ERROR;
				CLANG_WARN__DUPLICATE_METHOD_MATCH = YES;
				"CODE_SIGN_IDENTITY[sdk=iphoneos*]" = "iPhone Developer";
				COPY_PHASE_STRIP = YES;
				ENABLE_NS_ASSERTIONS = NO;
				GCC_C_LANGUAGE_STANDARD = gnu99;
				GCC_WARN_64_TO_32_BIT_CONVERSION = YES;
				GCC_WARN_ABOUT_RETURN_TYPE = YES_ERROR;
				GCC_WARN_UNDECLARED_SELECTOR = YES;
				GCC_WARN_UNINITIALIZED_AUTOS = YES_AGGRESSIVE;
				GCC_WARN_UNUSED_FUNCTION = YES;
				GCC_WARN_UNUSED_VARIABLE = YES;
				IPHONEOS_DEPLOYMENT_TARGET = 7.1;
				SDKROOT = iphoneos;
				TARGETED_DEVICE_FAMILY = "1,2";
				VALIDATE_PRODUCT = YES;
			};
			name = Release;
		};
		4DF1F09F196457D900304E2A /* Debug */ = {
			isa = XCBuildConfiguration;
			buildSettings = {
				ASSETCATALOG_COMPILER_APPICON_NAME = AppIcon;
				ASSETCATALOG_COMPILER_LAUNCHIMAGE_NAME = LaunchImage;
				CLANG_ENABLE_OBJC_ARC = NO;
				GCC_PRECOMPILE_PREFIX_HEADER = YES;
				GCC_PREFIX_HEADER = "Calculator/Calculator-Prefix.pch";
				INFOPLIST_FILE = "Calculator/Calculator-Info.plist";
				PRODUCT_NAME = "$(TARGET_NAME)";
				WRAPPER_EXTENSION = app;
			};
			name = Debug;
		};
		4DF1F0A0196457D900304E2A /* Release */ = {
			isa = XCBuildConfiguration;
			buildSettings = {
				ASSETCATALOG_COMPILER_APPICON_NAME = AppIcon;
				ASSETCATALOG_COMPILER_LAUNCHIMAGE_NAME = LaunchImage;
				CLANG_ENABLE_OBJC_ARC = NO;
				GCC_PRECOMPILE_PREFIX_HEADER = YES;
				GCC_PREFIX_HEADER = "Calculator/Calculator-Prefix.pch";
				INFOPLIST_FILE = "Calculator/Calculator-Info.plist";
				PRODUCT_NAME = "$(TARGET_NAME)";
				WRAPPER_EXTENSION = app;
			};
			name = Release;
		};
		4DF1F0A2196457D900304E2A /* Debug */ = {
			isa = XCBuildConfiguration;
			buildSettings = {
				BUNDLE_LOADER = "$(BUILT_PRODUCTS_DIR)/Calculator.app/Calculator";
				CLANG_ENABLE_OBJC_ARC = NO;
				FRAMEWORK_SEARCH_PATHS = (
					"$(SDKROOT)/Developer/Library/Frameworks",
					"$(inherited)",
					"$(DEVELOPER_FRAMEWORKS_DIR)",
				);
				GCC_PRECOMPILE_PREFIX_HEADER = YES;
				GCC_PREFIX_HEADER = "Calculator/Calculator-Prefix.pch";
				GCC_PREPROCESSOR_DEFINITIONS = (
					"DEBUG=1",
					"$(inherited)",
				);
				INFOPLIST_FILE = "CalculatorTests/CalculatorTests-Info.plist";
				PRODUCT_NAME = "$(TARGET_NAME)";
				TEST_HOST = "$(BUNDLE_LOADER)";
				WRAPPER_EXTENSION = xctest;
			};
			name = Debug;
		};
		4DF1F0A3196457D900304E2A /* Release */ = {
			isa = XCBuildConfiguration;
			buildSettings = {
				BUNDLE_LOADER = "$(BUILT_PRODUCTS_DIR)/Calculator.app/Calculator";
				CLANG_ENABLE_OBJC_ARC = NO;
				FRAMEWORK_SEARCH_PATHS = (
					"$(SDKROOT)/Developer/Library/Frameworks",
					"$(inherited)",
					"$(DEVELOPER_FRAMEWORKS_DIR)",
				);
				GCC_PRECOMPILE_PREFIX_HEADER = YES;
				GCC_PREFIX_HEADER = "Calculator/Calculator-Prefix.pch";
				INFOPLIST_FILE = "CalculatorTests/CalculatorTests-Info.plist";
				PRODUCT_NAME = "$(TARGET_NAME)";
				TEST_HOST = "$(BUNDLE_LOADER)";
				WRAPPER_EXTENSION = xctest;
			};
			name = Release;
		};
/* End XCBuildConfiguration section */

/* Begin XCConfigurationList section */
		4DF1F06D196457D800304E2A /* Build configuration list for PBXProject "Calculator" */ = {
			isa = XCConfigurationList;
			buildConfigurations = (
				4DF1F09C196457D900304E2A /* Debug */,
				4DF1F09D196457D900304E2A /* Release */,
			);
			defaultConfigurationIsVisible = 0;
			defaultConfigurationName = Release;
		};
		4DF1F09E196457D900304E2A /* Build configuration list for PBXNativeTarget "Calculator" */ = {
			isa = XCConfigurationList;
			buildConfigurations = (
				4DF1F09F196457D900304E2A /* Debug */,
				4DF1F0A0196457D900304E2A /* Release */,
			);
			defaultConfigurationIsVisible = 0;
			defaultConfigurationName = Release;
		};
		4DF1F0A1196457D900304E2A /* Build configuration list for PBXNativeTarget "CalculatorTests" */ = {
			isa = XCConfigurationList;
			buildConfigurations = (
				4DF1F0A2196457D900304E2A /* Debug */,
				4DF1F0A3196457D900304E2A /* Release */,
			);
			defaultConfigurationIsVisible = 0;
			defaultConfigurationName = Release;
		};
/* End XCConfigurationList section */
	};
	rootObject = 4DF1F06A196457D800304E2A /* Project object */;
}
